aletheia.icu/broccoli v1.0.3 h1:tpju/6c8lo+AtcrCSvKpZjrV28Qx63rHENOt9BKLE3g=
github.com/andybalholm/brotli v1.0.0 h1:7UCwP93aiSfvWpapti8g88vVVGp2qqtGyePsSuDafo4=
github.com/andybalholm/brotli v1.0.0/go.mod h1:loMXtMfwqflxFJPmdbJO0a3KNoPuLBgiu3qAvBg8x/Y=
github.com/andybalholm/brotli v1.0.1 h1:KqhlKozYbRtJvsPrrEeXcO+N2l6NYT5A2QAFmSULpEc=
github.com/andybalholm/brotli v1.0.1/go.mod h1:loMXtMfwqflxFJPmdbJO0a3KNoPuLBgiu3qAvBg8x/Y=
github.com/asaskevich/govalidator v0.0.0-20200907205600-7a23bdc65eef h1:46PFijGLmAjMPwCCCo7Jf0W6f9slllCkkv7vyc1yOSg=
github.com/asaskevich/govalidator v0.0.0-20200907205600-7a23bdc65eef/go.mod h1:WaHUgvxTVq04UNunO+XhnAqY/wQc+bxr74GqbsZ/Jqw=
github.com/davecgh/go-spew v1.1.0/go.mod h1:J7Y8YcW2NihsgmVo/mv3lAwl/skON4iLHjSsI+c5H38=
github.com/montanaflynn/broccoli v1.0.4 h1:Pl6qswDRkyk9l4FIpCTrfasbi0WZXmBl4gmMFd/DCuM=
github.com/montanaflynn/broccoli v1.0.4/go.mod h1:CfvvUgS156ksQSINi2sEuRrq0Oidmslo0yWIHdO3ifk=
github.com/montanaflynn/broccoli/fs v0.0.0-20201214094408-6d02e9ece3b7 h1:KYir6D8nCIo85uDW71lt//GU5PmQ2VXViF9j555Xxmo=
github.com/montanaflynn/broccoli/fs v0.0.0-20201214094408-6d02e9ece3b7/go.mod h1:obN7zETgm/JXlCsqmmqhiedYzJ0wARcZRh3sHyctBXY=
github.com/montanaflynn/broccoli/fs v0.0.0-20201214095104-273317009109 h1:D23MyuEoM45PIj6W3WyoWfaMr8aGYvFwgzPx1pyxlfg=
github.com/montanaflynn/broccoli/fs v0.0.0-20201214095104-273317009109/go.mod h1:nrqJTpBs7TlObYj//OU6JPV0dgkad3sEt7+4dmMkl5M=
github.com/pkg/errors v0.9.1 h1:FEBLx1zS214owpjy7qsBeixbURkuhQAwrK5UwLGTwt4=
github.com/pkg/errors v0.9.1/go.mod h1:bwawxfHBFNV+L2hUp1rHADufV3IMtnDRdf1r5NINEl0=
github.com/pmezard/go-difflib v1.0.0/go.mod h1:iKH77koFhYxTK1pcRnkKkqfTogsbg7gZNVY4sRDYZ/4=
github.com/sabhiram/go-gitignore v0.0.0-20201211210132-54b8a0bf510f h1:8P2MkG70G76gnZBOPGwmMIgwBb/rESQuwsJ7K8ds4NE=
github.com/sabhiram/go-gitignore v0.0.0-20201211210132-54b8a0bf510f/go.mod h1:+ePHsJ1keEjQtpvf9HHw0f4ZeJ0TLRsxhunSI2hYJSs=
github.com/stretchr/objx v0.1.0/go.mod h1:HFkY916IF+rwdDfMAkV7OtwuqBVzrE8GR6GFx+wExME=
github.com/stretchr/testify v1.6.1/go.mod h1:6Fq8oRcR53rry900zMqJjRRixrwX3KX962/h/Wwjteg=
gopkg.in/check.v1 v0.0.0-20161208181325-20d25e280405/go.mod h1:Co6ibVJAznAaIkqp8huTwlJQCZ016jof/cbN4VW5Yz0=
gopkg.in/yaml.v3 v3.0.0-20200313102051-9f266ea9e77c/go.mod h1:K4uyk7z7BCEPqu6E+C64Yfv1cQ7kz7rIZviUmN+EgEM=
